
Microsoft Visual Studio Solution File, Format Version 12.00
# Visual Studio 15
VisualStudioVersion = 15.0.28307.1169
MinimumVisualStudioVersion = 10.0.40219.1
Project("{FAE04EC0-301F-11D3-BF4B-00C04F79EFBC}") = "TTcms.Web", "src\TTcms.Web\TTcms.Web.csproj", "{4CC74FB5-1209-4DB4-A246-91AB0C7DECA5}"
EndProject
Project("{FAE04EC0-301F-11D3-BF4B-00C04F79EFBC}") = "TTcms.Infrastructure", "src\TTcms.Infrastructure\TTcms.Infrastructure.csproj", "{AF318252-1DD1-4044-BDDE-A29E8C0425C1}"
EndProject
Project("{FAE04EC0-301F-11D3-BF4B-00C04F79EFBC}") = "TTcms.Owin.Security.SSO", "src\TTcms.Owin.Security.SimpleSSO\TTcms.Owin.Security.SSO.csproj", "{64A3C182-FE8B-4430-B803-EBF1ACB1BC8E}"
EndProject
Project("{FAE04EC0-301F-11D3-BF4B-00C04F79EFBC}") = "TTcms.Application", "src\TTcms.Application\TTcms.Application.csproj", "{10D8E781-7368-4E3C-B7AE-2C7BCC818737}"
EndProject
Project("{FAE04EC0-301F-11D3-BF4B-00C04F79EFBC}") = "TTcms.Domain", "src\TTcms.Domain\TTcms.Domain.csproj", "{27D34B6F-EF0A-4940-9731-0FEE36F3DE66}"
EndProject
Project("{FAE04EC0-301F-11D3-BF4B-00C04F79EFBC}") = "TTcms.DTO", "src\TTcms.DTO\TTcms.DTO.csproj", "{C3C9C978-2D60-42F3-9CD7-DADB0A747837}"
EndProject
Project("{FAE04EC0-301F-11D3-BF4B-00C04F79EFBC}") = "TTcms.EFRepositories", "src\TTcms.EFRepositories\TTcms.EFRepositories.csproj", "{C376237D-B90B-439B-9FF2-4DDCB148D36A}"
EndProject
Project("{FAE04EC0-301F-11D3-BF4B-00C04F79EFBC}") = "TTcms.SSO.Server", "src\TTcms.SSO.Server\TTcms.SSO.Server.csproj", "{5624ECA6-34D6-4744-A6CE-965699E70661}"
EndProject
Project("{2150E333-8FDC-42A3-9474-1A3956D46DE8}") = "BuildingBlocks", "BuildingBlocks", "{F90EC1FC-100C-4F73-9C92-3E134DD18385}"
EndProject
Project("{2150E333-8FDC-42A3-9474-1A3956D46DE8}") = "Devspace.Support", "Devspace.Support", "{20919507-2A89-447D-9AF5-55226379AA25}"
EndProject
Project("{9A19103F-16F7-4668-BE54-9A1E7A4F7556}") = "Devspaces.Support", "src\BuildingBlocks\Devspaces.Support\Devspaces.Support.csproj", "{E5EAE9B2-F1CF-49A7-99CC-3FC30A45DA93}"
EndProject
Project("{2150E333-8FDC-42A3-9474-1A3956D46DE8}") = "Web", "Web", "{9DF73066-9315-4543-A45B-ED8387F9E081}"
EndProject
Project("{9A19103F-16F7-4668-BE54-9A1E7A4F7556}") = "TTcms.WebMVC", "src\Web\TTcms.WebMVC\TTcms.WebMVC.csproj", "{A0189253-DB1F-4C6F-A740-1A0E3887C970}"
EndProject
Project("{2150E333-8FDC-42A3-9474-1A3956D46DE8}") = "Services", "Services", "{0A0305AA-78C5-4966-9C77-B4CF88E5667C}"
EndProject
Project("{2150E333-8FDC-42A3-9474-1A3956D46DE8}") = "Identity", "Identity", "{711922C8-3C5E-4B77-A787-A580B39AAE25}"
EndProject
Project("{9A19103F-16F7-4668-BE54-9A1E7A4F7556}") = "TTcms.Identity.API", "src\Services\Identity\TTcms.Identity.API\TTcms.Identity.API.csproj", "{215454A4-199B-47F6-BAC7-8582D0ACCB92}"
EndProject
Project("{2150E333-8FDC-42A3-9474-1A3956D46DE8}") = "Catalog", "Catalog", "{E6923777-6CF2-44B1-A533-19FDB59D8D5F}"
EndProject
Project("{9A19103F-16F7-4668-BE54-9A1E7A4F7556}") = "TTcms.Catalog.API", "src\Services\Catalog\TTcms.Catalog.API\TTcms.Catalog.API.csproj", "{B53EE667-CE1F-4083-BC8D-617CACE414B1}"
EndProject
Project("{2150E333-8FDC-42A3-9474-1A3956D46DE8}") = "EventBus", "EventBus", "{F1D4CC29-91BD-42D9-9046-97844B8D3D30}"
EndProject
Project("{9A19103F-16F7-4668-BE54-9A1E7A4F7556}") = "TTcms.EventBus", "src\BuildingBlocks\EventBus\TTcms.EventBus\TTcms.EventBus.csproj", "{B6FC734E-3AA9-43EB-810E-3290DBCF0693}"
EndProject
Project("{9A19103F-16F7-4668-BE54-9A1E7A4F7556}") = "TTcms.EventBusRabbitMQ", "src\BuildingBlocks\EventBus\TTcms.EventBusRabbitMQ\TTcms.EventBusRabbitMQ.csproj", "{1CEDD70F-1B6F-4514-A430-D60E2C2CF404}"
EndProject
Project("{9A19103F-16F7-4668-BE54-9A1E7A4F7556}") = "TTcms.EventBusServiceBus", "src\BuildingBlocks\EventBus\TTcms.EventBusServiceBus\TTcms.EventBusServiceBus.csproj", "{F8D99EBA-3981-4CDF-B728-DD0884EF9B30}"
EndProject
Project("{9A19103F-16F7-4668-BE54-9A1E7A4F7556}") = "TTcms.IntegrationEventLogEF", "src\BuildingBlocks\EventBus\TTcms.IntegrationEventLogEF\TTcms.IntegrationEventLogEF.csproj", "{FDA85A99-FE27-4873-A7C4-531CD1A2307B}"
EndProject
Project("{2150E333-8FDC-42A3-9474-1A3956D46DE8}") = "WebHost", "WebHost", "{E97EED9D-9D9E-4718-8612-71E4CB5734C7}"
EndProject
Project("{9A19103F-16F7-4668-BE54-9A1E7A4F7556}") = "WebHost.Customization", "src\BuildingBlocks\WebHost\WebHost.Customization\WebHost.Customization.csproj", "{CC7F9EF7-A95E-4470-9ADF-C3A031382290}"
EndProject
Project("{2150E333-8FDC-42A3-9474-1A3956D46DE8}") = "Basket", "Basket", "{2820CEB7-85A3-4390-B8E6-1D82E46ED027}"
EndProject
Project("{9A19103F-16F7-4668-BE54-9A1E7A4F7556}") = "TTcms.Basket.API", "src\Services\Basket\TTcms.Basket.API\TTcms.Basket.API.csproj", "{51028ECD-B012-4880-A9DC-0AE5B43B2A5C}"
EndProject
Project("{2150E333-8FDC-42A3-9474-1A3956D46DE8}") = "Ordering", "Ordering", "{94DC6689-B1A7-4CAC-A0EA-7BDDA2C3C5FA}"
EndProject
Project("{FAE04EC0-301F-11D3-BF4B-00C04F79EFBC}") = "TTcms.Ordering.API", "src\Services\Ordering\TTcms.Ordering.API\TTcms.Ordering.API.csproj", "{2CDCE942-4BBC-4EBB-BC3D-B960CC42715B}"
EndProject
Global
	GlobalSection(SolutionConfigurationPlatforms) = preSolution
		Debug|Any CPU = Debug|Any CPU
		Release|Any CPU = Release|Any CPU
	EndGlobalSection
	GlobalSection(ProjectConfigurationPlatforms) = postSolution
		{4CC74FB5-1209-4DB4-A246-91AB0C7DECA5}.Debug|Any CPU.ActiveCfg = Debug|Any CPU
		{4CC74FB5-1209-4DB4-A246-91AB0C7DECA5}.Debug|Any CPU.Build.0 = Debug|Any CPU
		{4CC74FB5-1209-4DB4-A246-91AB0C7DECA5}.Release|Any CPU.ActiveCfg = Release|Any CPU
		{4CC74FB5-1209-4DB4-A246-91AB0C7DECA5}.Release|Any CPU.Build.0 = Release|Any CPU
		{AF318252-1DD1-4044-BDDE-A29E8C0425C1}.Debug|Any CPU.ActiveCfg = Debug|Any CPU
		{AF318252-1DD1-4044-BDDE-A29E8C0425C1}.Debug|Any CPU.Build.0 = Debug|Any CPU
		{AF318252-1DD1-4044-BDDE-A29E8C0425C1}.Release|Any CPU.ActiveCfg = Release|Any CPU
		{AF318252-1DD1-4044-BDDE-A29E8C0425C1}.Release|Any CPU.Build.0 = Release|Any CPU
		{64A3C182-FE8B-4430-B803-EBF1ACB1BC8E}.Debug|Any CPU.ActiveCfg = Debug|Any CPU
		{64A3C182-FE8B-4430-B803-EBF1ACB1BC8E}.Debug|Any CPU.Build.0 = Debug|Any CPU
		{64A3C182-FE8B-4430-B803-EBF1ACB1BC8E}.Release|Any CPU.ActiveCfg = Release|Any CPU
		{64A3C182-FE8B-4430-B803-EBF1ACB1BC8E}.Release|Any CPU.Build.0 = Release|Any CPU
		{10D8E781-7368-4E3C-B7AE-2C7BCC818737}.Debug|Any CPU.ActiveCfg = Debug|Any CPU
		{10D8E781-7368-4E3C-B7AE-2C7BCC818737}.Debug|Any CPU.Build.0 = Debug|Any CPU
		{10D8E781-7368-4E3C-B7AE-2C7BCC818737}.Release|Any CPU.ActiveCfg = Release|Any CPU
		{10D8E781-7368-4E3C-B7AE-2C7BCC818737}.Release|Any CPU.Build.0 = Release|Any CPU
		{27D34B6F-EF0A-4940-9731-0FEE36F3DE66}.Debug|Any CPU.ActiveCfg = Debug|Any CPU
		{27D34B6F-EF0A-4940-9731-0FEE36F3DE66}.Debug|Any CPU.Build.0 = Debug|Any CPU
		{27D34B6F-EF0A-4940-9731-0FEE36F3DE66}.Release|Any CPU.ActiveCfg = Release|Any CPU
		{27D34B6F-EF0A-4940-9731-0FEE36F3DE66}.Release|Any CPU.Build.0 = Release|Any CPU
		{C3C9C978-2D60-42F3-9CD7-DADB0A747837}.Debug|Any CPU.ActiveCfg = Debug|Any CPU
		{C3C9C978-2D60-42F3-9CD7-DADB0A747837}.Debug|Any CPU.Build.0 = Debug|Any CPU
		{C3C9C978-2D60-42F3-9CD7-DADB0A747837}.Release|Any CPU.ActiveCfg = Release|Any CPU
		{C3C9C978-2D60-42F3-9CD7-DADB0A747837}.Release|Any CPU.Build.0 = Release|Any CPU
		{C376237D-B90B-439B-9FF2-4DDCB148D36A}.Debug|Any CPU.ActiveCfg = Debug|Any CPU
		{C376237D-B90B-439B-9FF2-4DDCB148D36A}.Debug|Any CPU.Build.0 = Debug|Any CPU
		{C376237D-B90B-439B-9FF2-4DDCB148D36A}.Release|Any CPU.ActiveCfg = Release|Any CPU
		{C376237D-B90B-439B-9FF2-4DDCB148D36A}.Release|Any CPU.Build.0 = Release|Any CPU
		{5624ECA6-34D6-4744-A6CE-965699E70661}.Debug|Any CPU.ActiveCfg = Debug|Any CPU
		{5624ECA6-34D6-4744-A6CE-965699E70661}.Debug|Any CPU.Build.0 = Debug|Any CPU
		{5624ECA6-34D6-4744-A6CE-965699E70661}.Release|Any CPU.ActiveCfg = Release|Any CPU
		{5624ECA6-34D6-4744-A6CE-965699E70661}.Release|Any CPU.Build.0 = Release|Any CPU
		{E5EAE9B2-F1CF-49A7-99CC-3FC30A45DA93}.Debug|Any CPU.ActiveCfg = Debug|Any CPU
		{E5EAE9B2-F1CF-49A7-99CC-3FC30A45DA93}.Debug|Any CPU.Build.0 = Debug|Any CPU
		{E5EAE9B2-F1CF-49A7-99CC-3FC30A45DA93}.Release|Any CPU.ActiveCfg = Release|Any CPU
		{E5EAE9B2-F1CF-49A7-99CC-3FC30A45DA93}.Release|Any CPU.Build.0 = Release|Any CPU
		{A0189253-DB1F-4C6F-A740-1A0E3887C970}.Debug|Any CPU.ActiveCfg = Debug|Any CPU
		{A0189253-DB1F-4C6F-A740-1A0E3887C970}.Debug|Any CPU.Build.0 = Debug|Any CPU
		{A0189253-DB1F-4C6F-A740-1A0E3887C970}.Release|Any CPU.ActiveCfg = Release|Any CPU
		{A0189253-DB1F-4C6F-A740-1A0E3887C970}.Release|Any CPU.Build.0 = Release|Any CPU
		{215454A4-199B-47F6-BAC7-8582D0ACCB92}.Debug|Any CPU.ActiveCfg = Debug|Any CPU
		{215454A4-199B-47F6-BAC7-8582D0ACCB92}.Debug|Any CPU.Build.0 = Debug|Any CPU
		{215454A4-199B-47F6-BAC7-8582D0ACCB92}.Release|Any CPU.ActiveCfg = Release|Any CPU
		{215454A4-199B-47F6-BAC7-8582D0ACCB92}.Release|Any CPU.Build.0 = Release|Any CPU
		{B53EE667-CE1F-4083-BC8D-617CACE414B1}.Debug|Any CPU.ActiveCfg = Debug|Any CPU
		{B53EE667-CE1F-4083-BC8D-617CACE414B1}.Debug|Any CPU.Build.0 = Debug|Any CPU
		{B53EE667-CE1F-4083-BC8D-617CACE414B1}.Release|Any CPU.ActiveCfg = Release|Any CPU
		{B53EE667-CE1F-4083-BC8D-617CACE414B1}.Release|Any CPU.Build.0 = Release|Any CPU
		{B6FC734E-3AA9-43EB-810E-3290DBCF0693}.Debug|Any CPU.ActiveCfg = Debug|Any CPU
		{B6FC734E-3AA9-43EB-810E-3290DBCF0693}.Debug|Any CPU.Build.0 = Debug|Any CPU
		{B6FC734E-3AA9-43EB-810E-3290DBCF0693}.Release|Any CPU.ActiveCfg = Release|Any CPU
		{B6FC734E-3AA9-43EB-810E-3290DBCF0693}.Release|Any CPU.Build.0 = Release|Any CPU
		{1CEDD70F-1B6F-4514-A430-D60E2C2CF404}.Debug|Any CPU.ActiveCfg = Debug|Any CPU
		{1CEDD70F-1B6F-4514-A430-D60E2C2CF404}.Debug|Any CPU.Build.0 = Debug|Any CPU
		{1CEDD70F-1B6F-4514-A430-D60E2C2CF404}.Release|Any CPU.ActiveCfg = Release|Any CPU
		{1CEDD70F-1B6F-4514-A430-D60E2C2CF404}.Release|Any CPU.Build.0 = Release|Any CPU
		{F8D99EBA-3981-4CDF-B728-DD0884EF9B30}.Debug|Any CPU.ActiveCfg = Debug|Any CPU
		{F8D99EBA-3981-4CDF-B728-DD0884EF9B30}.Debug|Any CPU.Build.0 = Debug|Any CPU
		{F8D99EBA-3981-4CDF-B728-DD0884EF9B30}.Release|Any CPU.ActiveCfg = Release|Any CPU
		{F8D99EBA-3981-4CDF-B728-DD0884EF9B30}.Release|Any CPU.Build.0 = Release|Any CPU
		{FDA85A99-FE27-4873-A7C4-531CD1A2307B}.Debug|Any CPU.ActiveCfg = Debug|Any CPU
		{FDA85A99-FE27-4873-A7C4-531CD1A2307B}.Debug|Any CPU.Build.0 = Debug|Any CPU
		{FDA85A99-FE27-4873-A7C4-531CD1A2307B}.Release|Any CPU.ActiveCfg = Release|Any CPU
		{FDA85A99-FE27-4873-A7C4-531CD1A2307B}.Release|Any CPU.Build.0 = Release|Any CPU
		{CC7F9EF7-A95E-4470-9ADF-C3A031382290}.Debug|Any CPU.ActiveCfg = Debug|Any CPU
		{CC7F9EF7-A95E-4470-9ADF-C3A031382290}.Debug|Any CPU.Build.0 = Debug|Any CPU
		{CC7F9EF7-A95E-4470-9ADF-C3A031382290}.Release|Any CPU.ActiveCfg = Release|Any CPU
		{CC7F9EF7-A95E-4470-9ADF-C3A031382290}.Release|Any CPU.Build.0 = Release|Any CPU
		{51028ECD-B012-4880-A9DC-0AE5B43B2A5C}.Debug|Any CPU.ActiveCfg = Debug|Any CPU
		{51028ECD-B012-4880-A9DC-0AE5B43B2A5C}.Debug|Any CPU.Build.0 = Debug|Any CPU
		{51028ECD-B012-4880-A9DC-0AE5B43B2A5C}.Release|Any CPU.ActiveCfg = Release|Any CPU
		{51028ECD-B012-4880-A9DC-0AE5B43B2A5C}.Release|Any CPU.Build.0 = Release|Any CPU
		{2CDCE942-4BBC-4EBB-BC3D-B960CC42715B}.Debug|Any CPU.ActiveCfg = Debug|Any CPU
		{2CDCE942-4BBC-4EBB-BC3D-B960CC42715B}.Debug|Any CPU.Build.0 = Debug|Any CPU
		{2CDCE942-4BBC-4EBB-BC3D-B960CC42715B}.Release|Any CPU.ActiveCfg = Release|Any CPU
		{2CDCE942-4BBC-4EBB-BC3D-B960CC42715B}.Release|Any CPU.Build.0 = Release|Any CPU
	EndGlobalSection
	GlobalSection(SolutionProperties) = preSolution
		HideSolutionNode = FALSE
	EndGlobalSection
	GlobalSection(NestedProjects) = preSolution
		{20919507-2A89-447D-9AF5-55226379AA25} = {F90EC1FC-100C-4F73-9C92-3E134DD18385}
		{E5EAE9B2-F1CF-49A7-99CC-3FC30A45DA93} = {20919507-2A89-447D-9AF5-55226379AA25}
		{A0189253-DB1F-4C6F-A740-1A0E3887C970} = {9DF73066-9315-4543-A45B-ED8387F9E081}
		{711922C8-3C5E-4B77-A787-A580B39AAE25} = {0A0305AA-78C5-4966-9C77-B4CF88E5667C}
		{215454A4-199B-47F6-BAC7-8582D0ACCB92} = {711922C8-3C5E-4B77-A787-A580B39AAE25}
		{E6923777-6CF2-44B1-A533-19FDB59D8D5F} = {0A0305AA-78C5-4966-9C77-B4CF88E5667C}
		{B53EE667-CE1F-4083-BC8D-617CACE414B1} = {E6923777-6CF2-44B1-A533-19FDB59D8D5F}
		{F1D4CC29-91BD-42D9-9046-97844B8D3D30} = {F90EC1FC-100C-4F73-9C92-3E134DD18385}
		{B6FC734E-3AA9-43EB-810E-3290DBCF0693} = {F1D4CC29-91BD-42D9-9046-97844B8D3D30}
		{1CEDD70F-1B6F-4514-A430-D60E2C2CF404} = {F1D4CC29-91BD-42D9-9046-97844B8D3D30}
		{F8D99EBA-3981-4CDF-B728-DD0884EF9B30} = {F1D4CC29-91BD-42D9-9046-97844B8D3D30}
		{FDA85A99-FE27-4873-A7C4-531CD1A2307B} = {F1D4CC29-91BD-42D9-9046-97844B8D3D30}
		{E97EED9D-9D9E-4718-8612-71E4CB5734C7} = {F90EC1FC-100C-4F73-9C92-3E134DD18385}
		{CC7F9EF7-A95E-4470-9ADF-C3A031382290} = {E97EED9D-9D9E-4718-8612-71E4CB5734C7}
		{2820CEB7-85A3-4390-B8E6-1D82E46ED027} = {0A0305AA-78C5-4966-9C77-B4CF88E5667C}
		{51028ECD-B012-4880-A9DC-0AE5B43B2A5C} = {2820CEB7-85A3-4390-B8E6-1D82E46ED027}
		{94DC6689-B1A7-4CAC-A0EA-7BDDA2C3C5FA} = {0A0305AA-78C5-4966-9C77-B4CF88E5667C}
		{2CDCE942-4BBC-4EBB-BC3D-B960CC42715B} = {94DC6689-B1A7-4CAC-A0EA-7BDDA2C3C5FA}
	EndGlobalSection
	GlobalSection(ExtensibilityGlobals) = postSolution
		SolutionGuid = {7DF32E71-D8AF-4CEE-A039-637DDDFA39D5}
	EndGlobalSection
EndGlobal
